PODS:
  - Mockingjay (2.0.0):
    - Mockingjay/Core (= 2.0.0)
    - Mockingjay/XCTest (= 2.0.0)
  - Mockingjay/Core (2.0.0):
    - URITemplate (~> 2.0)
  - Mockingjay/XCTest (2.0.0):
    - Mockingjay/Core
  - Nimble (7.0.1)
  - Quick (1.1.0)
  - URITemplate (2.0.1)

DEPENDENCIES:
  - Mockingjay
  - Nimble
  - Quick

SPEC CHECKSUMS:
  Mockingjay: 7122a3fc0597aa63438e4cd9b71b7bc8aac05b87
  Nimble: 657d000e11df8aebe27cdaf9d244de7f30ed87f7
  Quick: dafc587e21eed9f4cab3249b9f9015b0b7a7f71d
  URITemplate: 720b8a56a281494d7c2d31ee33183986eaed2c67

PODFILE CHECKSUM: 91095b63cfb1269aafb72e4d59dc85dee9794350

COCOAPODS: 1.2.1
